
Microsoft Visual Studio Solution File, Format Version 12.00
# Visual Studio Version 16
VisualStudioVersion = 16.0.31112.23
MinimumVisualStudioVersion = 10.0.40219.1
Project("{9A19103F-16F7-4668-BE54-9A1E7A4F7556}") = "practice_1", "practice_1\practice_1.csproj", "{81A05ADE-7B88-48EC-B35C-C5DC2DE3A5B7}"
EndProject
Project("{9A19103F-16F7-4668-BE54-9A1E7A4F7556}") = "practice_2", "practice_2\practice_2.csproj", "{D053A921-AAE6-4D5F-B4A6-1D717C62B534}"
EndProject
Project("{9A19103F-16F7-4668-BE54-9A1E7A4F7556}") = "Country124", "Country124\Country124.csproj", "{C5A5B6B1-E262-4962-94B2-F75EF63AF642}"
EndProject
Project("{9A19103F-16F7-4668-BE54-9A1E7A4F7556}") = "SkillTree", "SkillTree\SkillTree.csproj", "{27D9E089-E130-403A-88E3-C7450F000B3A}"
EndProject
Project("{9A19103F-16F7-4668-BE54-9A1E7A4F7556}") = "NNumber", "NNumber\NNumber.csproj", "{68F733A4-2A7D-49C6-B9AB-5E64D58E6987}"
EndProject
Project("{9A19103F-16F7-4668-BE54-9A1E7A4F7556}") = "RecursionFactorial", "RecursionFactorial\RecursionFactorial.csproj", "{AC1E2D01-BBA6-47BE-B762-1BCDCDFDCD2E}"
EndProject
Project("{9A19103F-16F7-4668-BE54-9A1E7A4F7556}") = "RecursionFibonacci", "RecursionFibonacci\RecursionFibonacci.csproj", "{D3DF9B53-AF46-4DEC-89E4-16E06504A30E}"
EndProject
Project("{9A19103F-16F7-4668-BE54-9A1E7A4F7556}") = "RecursionStar", "RecursionStar\RecursionStar.csproj", "{ED96A1A9-6CA9-4C15-84A5-68F792CCB568}"
EndProject
Project("{9A19103F-16F7-4668-BE54-9A1E7A4F7556}") = "RecursionHanoi", "RecursionHanoi\RecursionHanoi.csproj", "{EBD81B6E-F1D0-403D-B633-128729D247B7}"
EndProject
Project("{FAE04EC0-301F-11D3-BF4B-00C04F79EFBC}") = "BlackJack", "BlackJack\BlackJack.csproj", "{FE12684D-940A-4D9A-B18C-E924BABD8B01}"
EndProject
Project("{FAE04EC0-301F-11D3-BF4B-00C04F79EFBC}") = "DecomNum", "DecomNum\DecomNum.csproj", "{07B8B596-CE3C-4B37-B1E1-2E334C5942DD}"
EndProject
Project("{FAE04EC0-301F-11D3-BF4B-00C04F79EFBC}") = "BigMan", "BigMan\BigMan.csproj", "{D1C5F545-E707-46FB-AC67-4DFE18A7CEEF}"
EndProject
Project("{FAE04EC0-301F-11D3-BF4B-00C04F79EFBC}") = "Chess", "Chess\Chess.csproj", "{6B4A6C23-86CF-4E7B-B6B3-F59DCAFF907C}"
EndProject
Global
	GlobalSection(SolutionConfigurationPlatforms) = preSolution
		Debug|Any CPU = Debug|Any CPU
		Release|Any CPU = Release|Any CPU
	EndGlobalSection
	GlobalSection(ProjectConfigurationPlatforms) = postSolution
		{81A05ADE-7B88-48EC-B35C-C5DC2DE3A5B7}.Debug|Any CPU.ActiveCfg = Debug|Any CPU
		{81A05ADE-7B88-48EC-B35C-C5DC2DE3A5B7}.Debug|Any CPU.Build.0 = Debug|Any CPU
		{81A05ADE-7B88-48EC-B35C-C5DC2DE3A5B7}.Release|Any CPU.ActiveCfg = Release|Any CPU
		{81A05ADE-7B88-48EC-B35C-C5DC2DE3A5B7}.Release|Any CPU.Build.0 = Release|Any CPU
		{D053A921-AAE6-4D5F-B4A6-1D717C62B534}.Debug|Any CPU.ActiveCfg = Debug|Any CPU
		{D053A921-AAE6-4D5F-B4A6-1D717C62B534}.Debug|Any CPU.Build.0 = Debug|Any CPU
		{D053A921-AAE6-4D5F-B4A6-1D717C62B534}.Release|Any CPU.ActiveCfg = Release|Any CPU
		{D053A921-AAE6-4D5F-B4A6-1D717C62B534}.Release|Any CPU.Build.0 = Release|Any CPU
		{C5A5B6B1-E262-4962-94B2-F75EF63AF642}.Debug|Any CPU.ActiveCfg = Debug|Any CPU
		{C5A5B6B1-E262-4962-94B2-F75EF63AF642}.Debug|Any CPU.Build.0 = Debug|Any CPU
		{C5A5B6B1-E262-4962-94B2-F75EF63AF642}.Release|Any CPU.ActiveCfg = Release|Any CPU
		{C5A5B6B1-E262-4962-94B2-F75EF63AF642}.Release|Any CPU.Build.0 = Release|Any CPU
		{27D9E089-E130-403A-88E3-C7450F000B3A}.Debug|Any CPU.ActiveCfg = Debug|Any CPU
		{27D9E089-E130-403A-88E3-C7450F000B3A}.Debug|Any CPU.Build.0 = Debug|Any CPU
		{27D9E089-E130-403A-88E3-C7450F000B3A}.Release|Any CPU.ActiveCfg = Release|Any CPU
		{27D9E089-E130-403A-88E3-C7450F000B3A}.Release|Any CPU.Build.0 = Release|Any CPU
		{68F733A4-2A7D-49C6-B9AB-5E64D58E6987}.Debug|Any CPU.ActiveCfg = Debug|Any CPU
		{68F733A4-2A7D-49C6-B9AB-5E64D58E6987}.Debug|Any CPU.Build.0 = Debug|Any CPU
		{68F733A4-2A7D-49C6-B9AB-5E64D58E6987}.Release|Any CPU.ActiveCfg = Release|Any CPU
		{68F733A4-2A7D-49C6-B9AB-5E64D58E6987}.Release|Any CPU.Build.0 = Release|Any CPU
		{AC1E2D01-BBA6-47BE-B762-1BCDCDFDCD2E}.Debug|Any CPU.ActiveCfg = Debug|Any CPU
		{AC1E2D01-BBA6-47BE-B762-1BCDCDFDCD2E}.Debug|Any CPU.Build.0 = Debug|Any CPU
		{AC1E2D01-BBA6-47BE-B762-1BCDCDFDCD2E}.Release|Any CPU.ActiveCfg = Release|Any CPU
		{AC1E2D01-BBA6-47BE-B762-1BCDCDFDCD2E}.Release|Any CPU.Build.0 = Release|Any CPU
		{D3DF9B53-AF46-4DEC-89E4-16E06504A30E}.Debug|Any CPU.ActiveCfg = Debug|Any CPU
		{D3DF9B53-AF46-4DEC-89E4-16E06504A30E}.Debug|Any CPU.Build.0 = Debug|Any CPU
		{D3DF9B53-AF46-4DEC-89E4-16E06504A30E}.Release|Any CPU.ActiveCfg = Release|Any CPU
		{D3DF9B53-AF46-4DEC-89E4-16E06504A30E}.Release|Any CPU.Build.0 = Release|Any CPU
		{ED96A1A9-6CA9-4C15-84A5-68F792CCB568}.Debug|Any CPU.ActiveCfg = Debug|Any CPU
		{ED96A1A9-6CA9-4C15-84A5-68F792CCB568}.Debug|Any CPU.Build.0 = Debug|Any CPU
		{ED96A1A9-6CA9-4C15-84A5-68F792CCB568}.Release|Any CPU.ActiveCfg = Release|Any CPU
		{ED96A1A9-6CA9-4C15-84A5-68F792CCB568}.Release|Any CPU.Build.0 = Release|Any CPU
		{EBD81B6E-F1D0-403D-B633-128729D247B7}.Debug|Any CPU.ActiveCfg = Debug|Any CPU
		{EBD81B6E-F1D0-403D-B633-128729D247B7}.Debug|Any CPU.Build.0 = Debug|Any CPU
		{EBD81B6E-F1D0-403D-B633-128729D247B7}.Release|Any CPU.ActiveCfg = Release|Any CPU
		{EBD81B6E-F1D0-403D-B633-128729D247B7}.Release|Any CPU.Build.0 = Release|Any CPU
		{FE12684D-940A-4D9A-B18C-E924BABD8B01}.Debug|Any CPU.ActiveCfg = Debug|Any CPU
		{FE12684D-940A-4D9A-B18C-E924BABD8B01}.Debug|Any CPU.Build.0 = Debug|Any CPU
		{FE12684D-940A-4D9A-B18C-E924BABD8B01}.Release|Any CPU.ActiveCfg = Release|Any CPU
		{FE12684D-940A-4D9A-B18C-E924BABD8B01}.Release|Any CPU.Build.0 = Release|Any CPU
		{07B8B596-CE3C-4B37-B1E1-2E334C5942DD}.Debug|Any CPU.ActiveCfg = Debug|Any CPU
		{07B8B596-CE3C-4B37-B1E1-2E334C5942DD}.Debug|Any CPU.Build.0 = Debug|Any CPU
		{07B8B596-CE3C-4B37-B1E1-2E334C5942DD}.Release|Any CPU.ActiveCfg = Release|Any CPU
		{07B8B596-CE3C-4B37-B1E1-2E334C5942DD}.Release|Any CPU.Build.0 = Release|Any CPU
		{D1C5F545-E707-46FB-AC67-4DFE18A7CEEF}.Debug|Any CPU.ActiveCfg = Debug|Any CPU
		{D1C5F545-E707-46FB-AC67-4DFE18A7CEEF}.Debug|Any CPU.Build.0 = Debug|Any CPU
		{D1C5F545-E707-46FB-AC67-4DFE18A7CEEF}.Release|Any CPU.ActiveCfg = Release|Any CPU
		{D1C5F545-E707-46FB-AC67-4DFE18A7CEEF}.Release|Any CPU.Build.0 = Release|Any CPU
		{6B4A6C23-86CF-4E7B-B6B3-F59DCAFF907C}.Debug|Any CPU.ActiveCfg = Debug|Any CPU
		{6B4A6C23-86CF-4E7B-B6B3-F59DCAFF907C}.Debug|Any CPU.Build.0 = Debug|Any CPU
		{6B4A6C23-86CF-4E7B-B6B3-F59DCAFF907C}.Release|Any CPU.ActiveCfg = Release|Any CPU
		{6B4A6C23-86CF-4E7B-B6B3-F59DCAFF907C}.Release|Any CPU.Build.0 = Release|Any CPU
	EndGlobalSection
	GlobalSection(SolutionProperties) = preSolution
		HideSolutionNode = FALSE
	EndGlobalSection
	GlobalSection(ExtensibilityGlobals) = postSolution
		SolutionGuid = {ADC8AA98-2F42-4B2A-8C0C-73CDCCC321DC}
	EndGlobalSection
EndGlobal
