
Microsoft Visual Studio Solution File, Format Version 12.00
# Visual Studio Version 16
VisualStudioVersion = 16.0.31112.23
MinimumVisualStudioVersion = 10.0.40219.1
Project("{9A19103F-16F7-4668-BE54-9A1E7A4F7556}") = "practice_1", "practice_1\practice_1.csproj", "{81A05ADE-7B88-48EC-B35C-C5DC2DE3A5B7}"
EndProject
Project("{9A19103F-16F7-4668-BE54-9A1E7A4F7556}") = "practice_2", "practice_2\practice_2.csproj", "{D053A921-AAE6-4D5F-B4A6-1D717C62B534}"
EndProject
Project("{9A19103F-16F7-4668-BE54-9A1E7A4F7556}") = "Country124", "Country124\Country124.csproj", "{C5A5B6B1-E262-4962-94B2-F75EF63AF642}"
EndProject
Project("{9A19103F-16F7-4668-BE54-9A1E7A4F7556}") = "SkillTree", "SkillTree\SkillTree.csproj", "{27D9E089-E130-403A-88E3-C7450F000B3A}"
EndProject
Project("{9A19103F-16F7-4668-BE54-9A1E7A4F7556}") = "NNumber", "NNumber\NNumber.csproj", "{68F733A4-2A7D-49C6-B9AB-5E64D58E6987}"
EndProject
Project("{9A19103F-16F7-4668-BE54-9A1E7A4F7556}") = "RecursionFactorial", "RecursionFactorial\RecursionFactorial.csproj", "{AC1E2D01-BBA6-47BE-B762-1BCDCDFDCD2E}"
EndProject
Project("{9A19103F-16F7-4668-BE54-9A1E7A4F7556}") = "RecursionFibonacci", "RecursionFibonacci\RecursionFibonacci.csproj", "{D3DF9B53-AF46-4DEC-89E4-16E06504A30E}"
EndProject
Project("{9A19103F-16F7-4668-BE54-9A1E7A4F7556}") = "RecursionStar", "RecursionStar\RecursionStar.csproj", "{ED96A1A9-6CA9-4C15-84A5-68F792CCB568}"
EndProject
Project("{9A19103F-16F7-4668-BE54-9A1E7A4F7556}") = "RecursionHanoi", "RecursionHanoi\RecursionHanoi.csproj", "{EBD81B6E-F1D0-403D-B633-128729D247B7}"
EndProject
Project("{9A19103F-16F7-4668-BE54-9A1E7A4F7556}") = "BlackJack", "BlackJack\BlackJack.csproj", "{FE12684D-940A-4D9A-B18C-E924BABD8B01}"
EndProject
Project("{9A19103F-16F7-4668-BE54-9A1E7A4F7556}") = "DecomNum", "DecomNum\DecomNum.csproj", "{07B8B596-CE3C-4B37-B1E1-2E334C5942DD}"
EndProject
Project("{9A19103F-16F7-4668-BE54-9A1E7A4F7556}") = "BigMan", "BigMan\BigMan.csproj", "{D1C5F545-E707-46FB-AC67-4DFE18A7CEEF}"
EndProject
Project("{9A19103F-16F7-4668-BE54-9A1E7A4F7556}") = "Chess", "Chess\Chess.csproj", "{6B4A6C23-86CF-4E7B-B6B3-F59DCAFF907C}"
EndProject
Project("{9A19103F-16F7-4668-BE54-9A1E7A4F7556}") = "Movie666", "Movie666\Movie666.csproj", "{745D871D-B641-4AB4-A4E4-9DFA6181D879}"
EndProject
Project("{9A19103F-16F7-4668-BE54-9A1E7A4F7556}") = "NumSort_1", "NumSort_1\NumSort_1.csproj", "{ABF1460C-82D6-4A1C-A78B-7DFDB3E78799}"
EndProject
Project("{9A19103F-16F7-4668-BE54-9A1E7A4F7556}") = "Statistics", "Statistics\Statistics.csproj", "{4041B84D-3081-41C6-A0EE-C282A37C4D88}"
EndProject
Project("{9A19103F-16F7-4668-BE54-9A1E7A4F7556}") = "SortInside", "SortInside\SortInside.csproj", "{778FABD0-E537-4A54-9F46-DB0653D73E46}"
EndProject
Project("{9A19103F-16F7-4668-BE54-9A1E7A4F7556}") = "SortXY", "SortXY\SortXY.csproj", "{EBAF2B7B-F716-4BB1-A8F9-9E2CF2C08180}"
EndProject
Project("{9A19103F-16F7-4668-BE54-9A1E7A4F7556}") = "SortYX", "SortYX\SortYX.csproj", "{C4ABF013-35D3-4732-A4FE-DA889D348F53}"
EndProject
Project("{9A19103F-16F7-4668-BE54-9A1E7A4F7556}") = "SortWord", "SortWord\SortWord.csproj", "{562FFDB7-481F-4C9D-A7FC-D1972228EFC9}"
EndProject
Project("{9A19103F-16F7-4668-BE54-9A1E7A4F7556}") = "SortAge", "SortAge\SortAge.csproj", "{046F4B2D-A0C6-4A92-BDAF-EE63CC3A78EC}"
EndProject
Project("{9A19103F-16F7-4668-BE54-9A1E7A4F7556}") = "SortCoCo", "SortCoCo\SortCoCo.csproj", "{DF464646-5D3F-4CF8-96D0-088443D24646}"
EndProject
Project("{9A19103F-16F7-4668-BE54-9A1E7A4F7556}") = "NandM_1", "NandM_1\NandM_1.csproj", "{15687EA4-5DF6-4944-851C-E009267E410E}"
EndProject
Project("{FAE04EC0-301F-11D3-BF4B-00C04F79EFBC}") = "Stair_Up", "Stair_Up\Stair_Up.csproj", "{DC4384A6-D5A5-4CCE-BF18-CF785FD43F22}"
EndProject
Project("{FAE04EC0-301F-11D3-BF4B-00C04F79EFBC}") = "Make_One", "Make_One\Make_One.csproj", "{9A284B62-5518-4381-AC56-29218C8CB440}"
EndProject
Global
	GlobalSection(SolutionConfigurationPlatforms) = preSolution
		Debug|Any CPU = Debug|Any CPU
		Release|Any CPU = Release|Any CPU
	EndGlobalSection
	GlobalSection(ProjectConfigurationPlatforms) = postSolution
		{81A05ADE-7B88-48EC-B35C-C5DC2DE3A5B7}.Debug|Any CPU.ActiveCfg = Debug|Any CPU
		{81A05ADE-7B88-48EC-B35C-C5DC2DE3A5B7}.Debug|Any CPU.Build.0 = Debug|Any CPU
		{81A05ADE-7B88-48EC-B35C-C5DC2DE3A5B7}.Release|Any CPU.ActiveCfg = Release|Any CPU
		{81A05ADE-7B88-48EC-B35C-C5DC2DE3A5B7}.Release|Any CPU.Build.0 = Release|Any CPU
		{D053A921-AAE6-4D5F-B4A6-1D717C62B534}.Debug|Any CPU.ActiveCfg = Debug|Any CPU
		{D053A921-AAE6-4D5F-B4A6-1D717C62B534}.Debug|Any CPU.Build.0 = Debug|Any CPU
		{D053A921-AAE6-4D5F-B4A6-1D717C62B534}.Release|Any CPU.ActiveCfg = Release|Any CPU
		{D053A921-AAE6-4D5F-B4A6-1D717C62B534}.Release|Any CPU.Build.0 = Release|Any CPU
		{C5A5B6B1-E262-4962-94B2-F75EF63AF642}.Debug|Any CPU.ActiveCfg = Debug|Any CPU
		{C5A5B6B1-E262-4962-94B2-F75EF63AF642}.Debug|Any CPU.Build.0 = Debug|Any CPU
		{C5A5B6B1-E262-4962-94B2-F75EF63AF642}.Release|Any CPU.ActiveCfg = Release|Any CPU
		{C5A5B6B1-E262-4962-94B2-F75EF63AF642}.Release|Any CPU.Build.0 = Release|Any CPU
		{27D9E089-E130-403A-88E3-C7450F000B3A}.Debug|Any CPU.ActiveCfg = Debug|Any CPU
		{27D9E089-E130-403A-88E3-C7450F000B3A}.Debug|Any CPU.Build.0 = Debug|Any CPU
		{27D9E089-E130-403A-88E3-C7450F000B3A}.Release|Any CPU.ActiveCfg = Release|Any CPU
		{27D9E089-E130-403A-88E3-C7450F000B3A}.Release|Any CPU.Build.0 = Release|Any CPU
		{68F733A4-2A7D-49C6-B9AB-5E64D58E6987}.Debug|Any CPU.ActiveCfg = Debug|Any CPU
		{68F733A4-2A7D-49C6-B9AB-5E64D58E6987}.Debug|Any CPU.Build.0 = Debug|Any CPU
		{68F733A4-2A7D-49C6-B9AB-5E64D58E6987}.Release|Any CPU.ActiveCfg = Release|Any CPU
		{68F733A4-2A7D-49C6-B9AB-5E64D58E6987}.Release|Any CPU.Build.0 = Release|Any CPU
		{AC1E2D01-BBA6-47BE-B762-1BCDCDFDCD2E}.Debug|Any CPU.ActiveCfg = Debug|Any CPU
		{AC1E2D01-BBA6-47BE-B762-1BCDCDFDCD2E}.Debug|Any CPU.Build.0 = Debug|Any CPU
		{AC1E2D01-BBA6-47BE-B762-1BCDCDFDCD2E}.Release|Any CPU.ActiveCfg = Release|Any CPU
		{AC1E2D01-BBA6-47BE-B762-1BCDCDFDCD2E}.Release|Any CPU.Build.0 = Release|Any CPU
		{D3DF9B53-AF46-4DEC-89E4-16E06504A30E}.Debug|Any CPU.ActiveCfg = Debug|Any CPU
		{D3DF9B53-AF46-4DEC-89E4-16E06504A30E}.Debug|Any CPU.Build.0 = Debug|Any CPU
		{D3DF9B53-AF46-4DEC-89E4-16E06504A30E}.Release|Any CPU.ActiveCfg = Release|Any CPU
		{D3DF9B53-AF46-4DEC-89E4-16E06504A30E}.Release|Any CPU.Build.0 = Release|Any CPU
		{ED96A1A9-6CA9-4C15-84A5-68F792CCB568}.Debug|Any CPU.ActiveCfg = Debug|Any CPU
		{ED96A1A9-6CA9-4C15-84A5-68F792CCB568}.Debug|Any CPU.Build.0 = Debug|Any CPU
		{ED96A1A9-6CA9-4C15-84A5-68F792CCB568}.Release|Any CPU.ActiveCfg = Release|Any CPU
		{ED96A1A9-6CA9-4C15-84A5-68F792CCB568}.Release|Any CPU.Build.0 = Release|Any CPU
		{EBD81B6E-F1D0-403D-B633-128729D247B7}.Debug|Any CPU.ActiveCfg = Debug|Any CPU
		{EBD81B6E-F1D0-403D-B633-128729D247B7}.Debug|Any CPU.Build.0 = Debug|Any CPU
		{EBD81B6E-F1D0-403D-B633-128729D247B7}.Release|Any CPU.ActiveCfg = Release|Any CPU
		{EBD81B6E-F1D0-403D-B633-128729D247B7}.Release|Any CPU.Build.0 = Release|Any CPU
		{FE12684D-940A-4D9A-B18C-E924BABD8B01}.Debug|Any CPU.ActiveCfg = Debug|Any CPU
		{FE12684D-940A-4D9A-B18C-E924BABD8B01}.Debug|Any CPU.Build.0 = Debug|Any CPU
		{FE12684D-940A-4D9A-B18C-E924BABD8B01}.Release|Any CPU.ActiveCfg = Release|Any CPU
		{FE12684D-940A-4D9A-B18C-E924BABD8B01}.Release|Any CPU.Build.0 = Release|Any CPU
		{07B8B596-CE3C-4B37-B1E1-2E334C5942DD}.Debug|Any CPU.ActiveCfg = Debug|Any CPU
		{07B8B596-CE3C-4B37-B1E1-2E334C5942DD}.Debug|Any CPU.Build.0 = Debug|Any CPU
		{07B8B596-CE3C-4B37-B1E1-2E334C5942DD}.Release|Any CPU.ActiveCfg = Release|Any CPU
		{07B8B596-CE3C-4B37-B1E1-2E334C5942DD}.Release|Any CPU.Build.0 = Release|Any CPU
		{D1C5F545-E707-46FB-AC67-4DFE18A7CEEF}.Debug|Any CPU.ActiveCfg = Debug|Any CPU
		{D1C5F545-E707-46FB-AC67-4DFE18A7CEEF}.Debug|Any CPU.Build.0 = Debug|Any CPU
		{D1C5F545-E707-46FB-AC67-4DFE18A7CEEF}.Release|Any CPU.ActiveCfg = Release|Any CPU
		{D1C5F545-E707-46FB-AC67-4DFE18A7CEEF}.Release|Any CPU.Build.0 = Release|Any CPU
		{6B4A6C23-86CF-4E7B-B6B3-F59DCAFF907C}.Debug|Any CPU.ActiveCfg = Debug|Any CPU
		{6B4A6C23-86CF-4E7B-B6B3-F59DCAFF907C}.Debug|Any CPU.Build.0 = Debug|Any CPU
		{6B4A6C23-86CF-4E7B-B6B3-F59DCAFF907C}.Release|Any CPU.ActiveCfg = Release|Any CPU
		{6B4A6C23-86CF-4E7B-B6B3-F59DCAFF907C}.Release|Any CPU.Build.0 = Release|Any CPU
		{745D871D-B641-4AB4-A4E4-9DFA6181D879}.Debug|Any CPU.ActiveCfg = Debug|Any CPU
		{745D871D-B641-4AB4-A4E4-9DFA6181D879}.Debug|Any CPU.Build.0 = Debug|Any CPU
		{745D871D-B641-4AB4-A4E4-9DFA6181D879}.Release|Any CPU.ActiveCfg = Release|Any CPU
		{745D871D-B641-4AB4-A4E4-9DFA6181D879}.Release|Any CPU.Build.0 = Release|Any CPU
		{ABF1460C-82D6-4A1C-A78B-7DFDB3E78799}.Debug|Any CPU.ActiveCfg = Debug|Any CPU
		{ABF1460C-82D6-4A1C-A78B-7DFDB3E78799}.Debug|Any CPU.Build.0 = Debug|Any CPU
		{ABF1460C-82D6-4A1C-A78B-7DFDB3E78799}.Release|Any CPU.ActiveCfg = Release|Any CPU
		{ABF1460C-82D6-4A1C-A78B-7DFDB3E78799}.Release|Any CPU.Build.0 = Release|Any CPU
		{4041B84D-3081-41C6-A0EE-C282A37C4D88}.Debug|Any CPU.ActiveCfg = Debug|Any CPU
		{4041B84D-3081-41C6-A0EE-C282A37C4D88}.Debug|Any CPU.Build.0 = Debug|Any CPU
		{4041B84D-3081-41C6-A0EE-C282A37C4D88}.Release|Any CPU.ActiveCfg = Release|Any CPU
		{4041B84D-3081-41C6-A0EE-C282A37C4D88}.Release|Any CPU.Build.0 = Release|Any CPU
		{778FABD0-E537-4A54-9F46-DB0653D73E46}.Debug|Any CPU.ActiveCfg = Debug|Any CPU
		{778FABD0-E537-4A54-9F46-DB0653D73E46}.Debug|Any CPU.Build.0 = Debug|Any CPU
		{778FABD0-E537-4A54-9F46-DB0653D73E46}.Release|Any CPU.ActiveCfg = Release|Any CPU
		{778FABD0-E537-4A54-9F46-DB0653D73E46}.Release|Any CPU.Build.0 = Release|Any CPU
		{EBAF2B7B-F716-4BB1-A8F9-9E2CF2C08180}.Debug|Any CPU.ActiveCfg = Debug|Any CPU
		{EBAF2B7B-F716-4BB1-A8F9-9E2CF2C08180}.Debug|Any CPU.Build.0 = Debug|Any CPU
		{EBAF2B7B-F716-4BB1-A8F9-9E2CF2C08180}.Release|Any CPU.ActiveCfg = Release|Any CPU
		{EBAF2B7B-F716-4BB1-A8F9-9E2CF2C08180}.Release|Any CPU.Build.0 = Release|Any CPU
		{C4ABF013-35D3-4732-A4FE-DA889D348F53}.Debug|Any CPU.ActiveCfg = Debug|Any CPU
		{C4ABF013-35D3-4732-A4FE-DA889D348F53}.Debug|Any CPU.Build.0 = Debug|Any CPU
		{C4ABF013-35D3-4732-A4FE-DA889D348F53}.Release|Any CPU.ActiveCfg = Release|Any CPU
		{C4ABF013-35D3-4732-A4FE-DA889D348F53}.Release|Any CPU.Build.0 = Release|Any CPU
		{562FFDB7-481F-4C9D-A7FC-D1972228EFC9}.Debug|Any CPU.ActiveCfg = Debug|Any CPU
		{562FFDB7-481F-4C9D-A7FC-D1972228EFC9}.Debug|Any CPU.Build.0 = Debug|Any CPU
		{562FFDB7-481F-4C9D-A7FC-D1972228EFC9}.Release|Any CPU.ActiveCfg = Release|Any CPU
		{562FFDB7-481F-4C9D-A7FC-D1972228EFC9}.Release|Any CPU.Build.0 = Release|Any CPU
		{046F4B2D-A0C6-4A92-BDAF-EE63CC3A78EC}.Debug|Any CPU.ActiveCfg = Debug|Any CPU
		{046F4B2D-A0C6-4A92-BDAF-EE63CC3A78EC}.Debug|Any CPU.Build.0 = Debug|Any CPU
		{046F4B2D-A0C6-4A92-BDAF-EE63CC3A78EC}.Release|Any CPU.ActiveCfg = Release|Any CPU
		{046F4B2D-A0C6-4A92-BDAF-EE63CC3A78EC}.Release|Any CPU.Build.0 = Release|Any CPU
		{DF464646-5D3F-4CF8-96D0-088443D24646}.Debug|Any CPU.ActiveCfg = Debug|Any CPU
		{DF464646-5D3F-4CF8-96D0-088443D24646}.Debug|Any CPU.Build.0 = Debug|Any CPU
		{DF464646-5D3F-4CF8-96D0-088443D24646}.Release|Any CPU.ActiveCfg = Release|Any CPU
		{DF464646-5D3F-4CF8-96D0-088443D24646}.Release|Any CPU.Build.0 = Release|Any CPU
		{15687EA4-5DF6-4944-851C-E009267E410E}.Debug|Any CPU.ActiveCfg = Debug|Any CPU
		{15687EA4-5DF6-4944-851C-E009267E410E}.Debug|Any CPU.Build.0 = Debug|Any CPU
		{15687EA4-5DF6-4944-851C-E009267E410E}.Release|Any CPU.ActiveCfg = Release|Any CPU
		{15687EA4-5DF6-4944-851C-E009267E410E}.Release|Any CPU.Build.0 = Release|Any CPU
		{DC4384A6-D5A5-4CCE-BF18-CF785FD43F22}.Debug|Any CPU.ActiveCfg = Debug|Any CPU
		{DC4384A6-D5A5-4CCE-BF18-CF785FD43F22}.Debug|Any CPU.Build.0 = Debug|Any CPU
		{DC4384A6-D5A5-4CCE-BF18-CF785FD43F22}.Release|Any CPU.ActiveCfg = Release|Any CPU
		{DC4384A6-D5A5-4CCE-BF18-CF785FD43F22}.Release|Any CPU.Build.0 = Release|Any CPU
		{9A284B62-5518-4381-AC56-29218C8CB440}.Debug|Any CPU.ActiveCfg = Debug|Any CPU
		{9A284B62-5518-4381-AC56-29218C8CB440}.Debug|Any CPU.Build.0 = Debug|Any CPU
		{9A284B62-5518-4381-AC56-29218C8CB440}.Release|Any CPU.ActiveCfg = Release|Any CPU
		{9A284B62-5518-4381-AC56-29218C8CB440}.Release|Any CPU.Build.0 = Release|Any CPU
	EndGlobalSection
	GlobalSection(SolutionProperties) = preSolution
		HideSolutionNode = FALSE
	EndGlobalSection
	GlobalSection(ExtensibilityGlobals) = postSolution
		SolutionGuid = {ADC8AA98-2F42-4B2A-8C0C-73CDCCC321DC}
	EndGlobalSection
EndGlobal
